
Microsoft Visual Studio Solution File, Format Version 12.00
Project("{FAE04EC0-301F-11D3-BF4B-00C04F79EFBC}") = "COR.Core", "..\COR.Core\COR.Core.csproj", "{EEAB92F1-5709-4787-8AE3-921025AAB13F}"
EndProject
Project("{2150E333-8FDC-42A3-9474-1A3956D46DE8}") = "Tests", "Tests", "{B869707E-5E0B-4B50-89F9-5381904FE567}"
EndProject
Project("{FAE04EC0-301F-11D3-BF4B-00C04F79EFBC}") = "UnitTests", "UnitTests\UnitTests.csproj", "{1D8C31D1-E6AB-442D-A72F-B4BA0693C038}"
EndProject
Global
	GlobalSection(SolutionConfigurationPlatforms) = preSolution
		Debug|Any CPU = Debug|Any CPU
		Release|Any CPU = Release|Any CPU
	EndGlobalSection
	GlobalSection(ProjectConfigurationPlatforms) = postSolution
		{EEAB92F1-5709-4787-8AE3-921025AAB13F}.Debug|Any CPU.ActiveCfg = Debug|Any CPU
		{EEAB92F1-5709-4787-8AE3-921025AAB13F}.Debug|Any CPU.Build.0 = Debug|Any CPU
		{EEAB92F1-5709-4787-8AE3-921025AAB13F}.Release|Any CPU.ActiveCfg = Release|Any CPU
		{EEAB92F1-5709-4787-8AE3-921025AAB13F}.Release|Any CPU.Build.0 = Release|Any CPU
		{1D8C31D1-E6AB-442D-A72F-B4BA0693C038}.Debug|Any CPU.ActiveCfg = Debug|Any CPU
		{1D8C31D1-E6AB-442D-A72F-B4BA0693C038}.Debug|Any CPU.Build.0 = Debug|Any CPU
		{1D8C31D1-E6AB-442D-A72F-B4BA0693C038}.Release|Any CPU.ActiveCfg = Release|Any CPU
		{1D8C31D1-E6AB-442D-A72F-B4BA0693C038}.Release|Any CPU.Build.0 = Release|Any CPU
	EndGlobalSection
	GlobalSection(NestedProjects) = preSolution
		{1D8C31D1-E6AB-442D-A72F-B4BA0693C038} = {B869707E-5E0B-4B50-89F9-5381904FE567}
	EndGlobalSection
EndGlobal
